{
    "_meta": {
        "hash": {
            "sha256": "495cbf6de27fe9f0606afe4ef56b566a5cffd90050dec8617c05e3bd8dece41d"
        },
        "pipfile-spec": 6,
        "requires": {
            "python_version": "3.9"
        },
        "sources": [
            {
                "name": "pypi",
                "url": "https://pypi.org/simple",
                "verify_ssl": true
            }
        ]
    },
    "default": {
        "asgiref": {
            "hashes": [
                "sha256:1d2880b792ae8757289136f1db2b7b99100ce959b2aa57fd69dab783d05afac4",
                "sha256:4a29362a6acebe09bf1d6640db38c1dc3d9217c68e6f9f6204d72667fc19a424"
            ],
            "version": "==3.5.2"
        },
        "django": {
            "hashes": [
                "sha256:031ccb717782f6af83a0063a1957686e87cb4581ea61b47b3e9addf60687989a",
                "sha256:032f8a6fc7cf05ccd1214e4a2e21dfcd6a23b9d575c6573cacc8c67828dbe642"
            ],
            "index": "pypi",
            "version": "==4.1"
        },
        "django-ninja": {
            "hashes": [
                "sha256:062ed2b18e357f0556bba73f14132a7c12a5a61ebb79552162b9903e4f975008",
                "sha256:f52e6b5f25a83f7bda80398b3b97001011142911cff52a9dd711e63d711a36ab"
            ],
            "index": "pypi",
            "version": "==0.19.1"
        },
        "orjson": {
            "hashes": [
                "sha256:05f20fa1a368207d16ecdf16072c3be58f85c4954cd2ed6c9704463963b9791a",
                "sha256:0966b2f6db800ed40138df80040b84ba6a180f50af9b9a4ed5f7231114f6beb8",
                "sha256:0bffc45cd04480be9f18b790f28d716dde117de43b02e0f702935b584fada1de",
                "sha256:0f2ddd043450579ba35bbcf34e9217ee4de0fc52716ae3eb6cfff5e24fcc0ba3",
                "sha256:148b33d2a9f7e464e0a292f13fa11e226baf11b61495ad536977e800bc9ca845",
                "sha256:22738105f3e926ef22702b14a9b79652f18f8dd45b798a126ee9644e0ac683d8",
                "sha256:277ac2591570d88d5501cbf5855fc4a421cc51f3075b3be1b50ef2f8e8d2d014",
                "sha256:2baefa5fb5133448f06d24b2523dfb3eda562a93bb69c33f539c7bbb8b0d61ed",
                "sha256:39717add544688a3a938fcbc4122cf1b31030ba8ea1145d12fc6ee29d0eabe27",
                "sha256:4b5851c0acc2a35173ba5fa854e15bf6f18757fafe1f7cce0fbc7fc24af3ec8a",
                "sha256:4d76fc5708cf1a7a394b42c1c697a8635fbce73730455870127815b8d7229bcf",
                "sha256:53b8ac02e683286e1979f1c57c026503c2433a26525adb1671142b0b13d52a7c",
                "sha256:5a45baa048b462774b3b777725416006b7eec4b70b1bfc40d895cfa65c5b5eac",
                "sha256:5a9cc4f2231756b939f3aaa997024e748e06ac9bc5619343aa0e88b2833a567f",
                "sha256:5fbf5ec736c952e150a4399862bdd0043c1597e4d9e64adebe750855e72e2f65",
                "sha256:71975ed815c929e14351cfde6d74ea892e850f74b02eaa57d2b96cc8c3fbed7b",
                "sha256:75a7d1b61300e76b06767dc60ff3f38af4a6634cb8169bc8e9db2b4124c27e6d",
                "sha256:818405b65fa9d9d37330e57d87f91b40c10d2469d16914c7a819d0d494af482c",
                "sha256:8c618af13ae16e050342018a9d019365c6f7d1cba04f42fd8d8ca1d1a604a54c",
                "sha256:8e7698b66ed751d9b887a27f5e02fb8405f06edafc47ac4542b2e10b2927f9e1",
                "sha256:93beb800fc35402db6c7d435fcf8b3e45822eb668d112c2def3e2851b3557bb1",
                "sha256:946d769d6e57e31838c8486e3f440540214690aaecca3bd2a57e31a227d27031",
                "sha256:94cc18a7d20b1fc36f6a60ad98027a27e1462fb815cf0245728285df0ea6b5cf",
                "sha256:9ef5f5c5fd1d0086f9323dafacfa902c2f4f120f319e689457ee2a66aebfc889",
                "sha256:a04df90f09e9c64c082d5e9af50e3e4c8cdc151b681f9d4928bb6bb17ef45c7b",
                "sha256:a7122f702fe62e79ff3e8a6f975b5559440345ace5618ee1d97c49230f2839b6",
                "sha256:a7a57ab51d92235604044da31e1481e53b44b6df4688929dd8c176ff09381516",
                "sha256:a7e5aa0bf79f475c67d22eb4c085416ebb05042ce3c98abdbcfe11c1674d096d",
                "sha256:a80722ed6545069d4f8fe16e02f5e9a67e09b6872c4c7501fa095d57471d96a6",
                "sha256:a9accc4ba1cb83b70ac89f9de465b12e96bc6713158d27b655106413ed07944a",
                "sha256:ae14ccad9b912abfee0e598a9fb57b6888ec3d2121983b757d9135702d1ab035",
                "sha256:b37eba028ef4f55587ac4eb6dffc5207a884cb506f79e4104f2d5587f163a676",
                "sha256:c09ed2e953447472c497ec682f4f40727744ed72672600e2e105ed5c373a82b1",
                "sha256:c1e4297b5dee3e14e068cc35505b3e1a626dd3fb8d357842902616564d2f713f",
                "sha256:e1082f82cfc2fd9ee42b3716900da8b13a2efd627a105438c5d98f2476ddcd54",
                "sha256:e6ae6d14062be5a210909f8816936e0b9b9747b8416d99ec927ab4b8d73bdce6",
                "sha256:e6d1fd006691ea9e500ebba753dea471daef8972260e8ef48b4f356daa2fb3d1",
                "sha256:ec3f644f1a1e3b642050ee1428311eaec2b959ffb6122ebc216143e67a939b64",
                "sha256:eec6d61468ee0f251ac33d8738942390fda4e1e36f2d9c365ac271a87e78004b",
                "sha256:fdbbf6f8a23c66fa67661966891fd62341c5b7265e77fd6ecd7195aac26e76c0",
                "sha256:ff6006857688991e800e9d2d992195451e25353c47b313f0db859016ceb811b3",
                "sha256:fff4760d3c04edcc99be0c9040b4cbb3f6c4ae5b4c4fc1ec1f70c3fe47a9ea5a"
            ],
            "index": "pypi",
            "version": "==3.7.12"
        },
        "pydantic": {
            "hashes": [
                "sha256:1061c6ee6204f4f5a27133126854948e3b3d51fcc16ead2e5d04378c199b2f44",
                "sha256:19b5686387ea0d1ea52ecc4cffb71abb21702c5e5b2ac626fd4dbaa0834aa49d",
                "sha256:2bd446bdb7755c3a94e56d7bdfd3ee92396070efa8ef3a34fab9579fe6aa1d84",
                "sha256:328558c9f2eed77bd8fffad3cef39dbbe3edc7044517f4625a769d45d4cf7555",
                "sha256:32e0b4fb13ad4db4058a7c3c80e2569adbd810c25e6ca3bbd8b2a9cc2cc871d7",
                "sha256:3ee0d69b2a5b341fc7927e92cae7ddcfd95e624dfc4870b32a85568bd65e6131",
                "sha256:4aafd4e55e8ad5bd1b19572ea2df546ccace7945853832bb99422a79c70ce9b8",
                "sha256:4b3946f87e5cef3ba2e7bd3a4eb5a20385fe36521d6cc1ebf3c08a6697c6cfb3",
                "sha256:4de71c718c9756d679420c69f216776c2e977459f77e8f679a4a961dc7304a56",
                "sha256:5565a49effe38d51882cb7bac18bda013cdb34d80ac336428e8908f0b72499b0",
                "sha256:5803ad846cdd1ed0d97eb00292b870c29c1f03732a010e66908ff48a762f20e4",
                "sha256:5da164119602212a3fe7e3bc08911a89db4710ae51444b4224c2382fd09ad453",
                "sha256:615661bfc37e82ac677543704437ff737418e4ea04bef9cf11c6d27346606044",
                "sha256:78a4d6bdfd116a559aeec9a4cfe77dda62acc6233f8b56a716edad2651023e5e",
                "sha256:7d0f183b305629765910eaad707800d2f47c6ac5bcfb8c6397abdc30b69eeb15",
                "sha256:7ead3cd020d526f75b4188e0a8d71c0dbbe1b4b6b5dc0ea775a93aca16256aeb",
                "sha256:84d76ecc908d917f4684b354a39fd885d69dd0491be175f3465fe4b59811c001",
                "sha256:8cb0bc509bfb71305d7a59d00163d5f9fc4530f0881ea32c74ff4f74c85f3d3d",
                "sha256:91089b2e281713f3893cd01d8e576771cd5bfdfbff5d0ed95969f47ef6d676c3",
                "sha256:9c9e04a6cdb7a363d7cb3ccf0efea51e0abb48e180c0d31dca8d247967d85c6e",
                "sha256:a8c5360a0297a713b4123608a7909e6869e1b56d0e96eb0d792c27585d40757f",
                "sha256:afacf6d2a41ed91fc631bade88b1d319c51ab5418870802cedb590b709c5ae3c",
                "sha256:b34ba24f3e2d0b39b43f0ca62008f7ba962cff51efa56e64ee25c4af6eed987b",
                "sha256:bd67cb2c2d9602ad159389c29e4ca964b86fa2f35c2faef54c3eb28b4efd36c8",
                "sha256:c0f5e142ef8217019e3eef6ae1b6b55f09a7a15972958d44fbd228214cede567",
                "sha256:cdb4272678db803ddf94caa4f94f8672e9a46bae4a44f167095e4d06fec12979",
                "sha256:d70916235d478404a3fa8c997b003b5f33aeac4686ac1baa767234a0f8ac2326",
                "sha256:d8ce3fb0841763a89322ea0432f1f59a2d3feae07a63ea2c958b2315e1ae8adb",
                "sha256:e0b214e57623a535936005797567231a12d0da0c29711eb3514bc2b3cd008d0f",
                "sha256:e631c70c9280e3129f071635b81207cad85e6c08e253539467e4ead0e5b219aa",
                "sha256:e78578f0c7481c850d1c969aca9a65405887003484d24f6110458fb02cca7747",
                "sha256:f0ca86b525264daa5f6b192f216a0d1e860b7383e3da1c65a1908f9c02f42801",
                "sha256:f1a68f4f65a9ee64b6ccccb5bf7e17db07caebd2730109cb8a95863cfa9c4e55",
                "sha256:fafe841be1103f340a24977f61dee76172e4ae5f647ab9e7fd1e1fca51524f08",
                "sha256:ff68fc85355532ea77559ede81f35fff79a6a5543477e168ab3a381887caea76"
            ],
            "version": "==1.9.2"
        },
        "sqlparse": {
            "hashes": [
                "sha256:0c00730c74263a94e5a9919ade150dfc3b19c574389985446148402998287dae",
                "sha256:48719e356bb8b42991bdbb1e8b83223757b93789c00910a616a071910ca4a64d"
            ],
            "version": "==0.4.2"
        },
        "typing-extensions": {
            "hashes": [
                "sha256:25642c956049920a5aa49edcdd6ab1e06d7e5d467fc00e0506c44ac86fbfca02",
                "sha256:e6d2677a32f47fc7eb2795db1dd15c1f34eff616bcaf2cfb5e997f854fa1c4a6"
            ],
            "version": "==4.3.0"
        }
    },
    "develop": {}
}
